
Microsoft Visual Studio Solution File, Format Version 12.00
# Visual Studio Version 17
VisualStudioVersion = 17.13.35825.156 d17.13
MinimumVisualStudioVersion = 10.0.40219.1
Project("{FAE04EC0-301F-11D3-BF4B-00C04F79EFBC}") = "OOPLabs", "OOPLabs\OOPLabs.csproj", "{C7D721DA-CE11-470C-9883-024F4B300C47}"
EndProject
Project("{FAE04EC0-301F-11D3-BF4B-00C04F79EFBC}") = "FirstTask", "FirstTask\FirstTask.csproj", "{38227395-6764-42C4-B682-09FCCAF32A09}"
EndProject
Project("{FAE04EC0-301F-11D3-BF4B-00C04F79EFBC}") = "SecondTask", "SecondTask\SecondTask.csproj", "{64318BBD-F8D2-4C01-8CB9-E3C3CBBB33BA}"
EndProject
Project("{FAE04EC0-301F-11D3-BF4B-00C04F79EFBC}") = "FirstTaskTests", "FirstTaskTests\FirstTaskTests.csproj", "{FD7E9843-2D88-4075-BDD6-7C16AA58EF49}"
EndProject
Project("{FAE04EC0-301F-11D3-BF4B-00C04F79EFBC}") = "ThirdTask", "ThirdTask\ThirdTask.csproj", "{CDD7A71E-D9ED-4E2E-85F9-60805C11852D}"
EndProject
Project("{2150E333-8FDC-42A3-9474-1A3956D46DE8}") = "Solution Items", "Solution Items", "{8EC462FD-D22E-90A8-E5CE-7E832BA40C5D}"
	ProjectSection(SolutionItems) = preProject
		.gitignore = .gitignore
	EndProjectSection
EndProject
Global
	GlobalSection(SolutionConfigurationPlatforms) = preSolution
		Debug|Any CPU = Debug|Any CPU
		Release|Any CPU = Release|Any CPU
	EndGlobalSection
	GlobalSection(ProjectConfigurationPlatforms) = postSolution
		{C7D721DA-CE11-470C-9883-024F4B300C47}.Debug|Any CPU.ActiveCfg = Debug|Any CPU
		{C7D721DA-CE11-470C-9883-024F4B300C47}.Debug|Any CPU.Build.0 = Debug|Any CPU
		{C7D721DA-CE11-470C-9883-024F4B300C47}.Release|Any CPU.ActiveCfg = Release|Any CPU
		{C7D721DA-CE11-470C-9883-024F4B300C47}.Release|Any CPU.Build.0 = Release|Any CPU
		{38227395-6764-42C4-B682-09FCCAF32A09}.Debug|Any CPU.ActiveCfg = Debug|Any CPU
		{38227395-6764-42C4-B682-09FCCAF32A09}.Debug|Any CPU.Build.0 = Debug|Any CPU
		{38227395-6764-42C4-B682-09FCCAF32A09}.Release|Any CPU.ActiveCfg = Release|Any CPU
		{38227395-6764-42C4-B682-09FCCAF32A09}.Release|Any CPU.Build.0 = Release|Any CPU
		{64318BBD-F8D2-4C01-8CB9-E3C3CBBB33BA}.Debug|Any CPU.ActiveCfg = Debug|Any CPU
		{64318BBD-F8D2-4C01-8CB9-E3C3CBBB33BA}.Debug|Any CPU.Build.0 = Debug|Any CPU
		{64318BBD-F8D2-4C01-8CB9-E3C3CBBB33BA}.Release|Any CPU.ActiveCfg = Release|Any CPU
		{64318BBD-F8D2-4C01-8CB9-E3C3CBBB33BA}.Release|Any CPU.Build.0 = Release|Any CPU
		{FD7E9843-2D88-4075-BDD6-7C16AA58EF49}.Debug|Any CPU.ActiveCfg = Debug|Any CPU
		{FD7E9843-2D88-4075-BDD6-7C16AA58EF49}.Debug|Any CPU.Build.0 = Debug|Any CPU
		{FD7E9843-2D88-4075-BDD6-7C16AA58EF49}.Release|Any CPU.ActiveCfg = Release|Any CPU
		{FD7E9843-2D88-4075-BDD6-7C16AA58EF49}.Release|Any CPU.Build.0 = Release|Any CPU
		{CDD7A71E-D9ED-4E2E-85F9-60805C11852D}.Debug|Any CPU.ActiveCfg = Debug|Any CPU
		{CDD7A71E-D9ED-4E2E-85F9-60805C11852D}.Debug|Any CPU.Build.0 = Debug|Any CPU
		{CDD7A71E-D9ED-4E2E-85F9-60805C11852D}.Release|Any CPU.ActiveCfg = Release|Any CPU
		{CDD7A71E-D9ED-4E2E-85F9-60805C11852D}.Release|Any CPU.Build.0 = Release|Any CPU
	EndGlobalSection
	GlobalSection(SolutionProperties) = preSolution
		HideSolutionNode = FALSE
	EndGlobalSection
	GlobalSection(ExtensibilityGlobals) = postSolution
		SolutionGuid = {ED462D76-6A30-4789-B266-199B174F280A}
	EndGlobalSection
EndGlobal
